
Microsoft Visual Studio Solution File, Format Version 12.00
# Visual Studio 15
VisualStudioVersion = 15.0.27004.2005
MinimumVisualStudioVersion = 10.0.40219.1
Project("{FAE04EC0-301F-11D3-BF4B-00C04F79EFBC}") = "Assignment1 - Thomas Micol", "Assignment1 - Thomas Micol.csproj", "{7A87FCDC-45CB-418A-A79F-ADC8A2CAD71E}"
EndProject
Global
	GlobalSection(SolutionConfigurationPlatforms) = preSolution
		Debug|Any CPU = Debug|Any CPU
		Release|Any CPU = Release|Any CPU
	EndGlobalSection
	GlobalSection(ProjectConfigurationPlatforms) = postSolution
		{7A87FCDC-45CB-418A-A79F-ADC8A2CAD71E}.Debug|Any CPU.ActiveCfg = Debug|Any CPU
		{7A87FCDC-45CB-418A-A79F-ADC8A2CAD71E}.Debug|Any CPU.Build.0 = Debug|Any CPU
		{7A87FCDC-45CB-418A-A79F-ADC8A2CAD71E}.Release|Any CPU.ActiveCfg = Release|Any CPU
		{7A87FCDC-45CB-418A-A79F-ADC8A2CAD71E}.Release|Any CPU.Build.0 = Release|Any CPU
	EndGlobalSection
	GlobalSection(SolutionProperties) = preSolution
		HideSolutionNode = FALSE
	EndGlobalSection
	GlobalSection(ExtensibilityGlobals) = postSolution
		SolutionGuid = {5AAE6D0D-C3E3-4A2A-8768-B17C898407A9}
	EndGlobalSection
EndGlobal
